
Microsoft Visual Studio Solution File, Format Version 12.00
# Visual Studio 14
VisualStudioVersion = 14.0.25123.0
MinimumVisualStudioVersion = 10.0.40219.1
Project("{FAE04EC0-301F-11D3-BF4B-00C04F79EFBC}") = "Kolory_WPF", "Kolory_WPF\Kolory_WPF.csproj", "{ABAA489D-B054-4D83-B7DE-8148C7D718EB}"
EndProject
Project("{FAE04EC0-301F-11D3-BF4B-00C04F79EFBC}") = "Model", "Model\Model.csproj", "{A2261F28-D164-4E5C-BBB7-416F15D97F34}"
EndProject
Project("{FAE04EC0-301F-11D3-BF4B-00C04F79EFBC}") = "Kolory_UWP", "Kolory_UWP\Kolory_UWP.csproj", "{259E169C-623B-491C-B3A7-2BAC8E2835A2}"
EndProject
Global
	GlobalSection(SolutionConfigurationPlatforms) = preSolution
		Debug|Any CPU = Debug|Any CPU
		Debug|ARM = Debug|ARM
		Debug|x64 = Debug|x64
		Debug|x86 = Debug|x86
		Release|Any CPU = Release|Any CPU
		Release|ARM = Release|ARM
		Release|x64 = Release|x64
		Release|x86 = Release|x86
	EndGlobalSection
	GlobalSection(ProjectConfigurationPlatforms) = postSolution
		{ABAA489D-B054-4D83-B7DE-8148C7D718EB}.Debug|Any CPU.ActiveCfg = Debug|Any CPU
		{ABAA489D-B054-4D83-B7DE-8148C7D718EB}.Debug|Any CPU.Build.0 = Debug|Any CPU
		{ABAA489D-B054-4D83-B7DE-8148C7D718EB}.Debug|ARM.ActiveCfg = Debug|Any CPU
		{ABAA489D-B054-4D83-B7DE-8148C7D718EB}.Debug|ARM.Build.0 = Debug|Any CPU
		{ABAA489D-B054-4D83-B7DE-8148C7D718EB}.Debug|x64.ActiveCfg = Debug|Any CPU
		{ABAA489D-B054-4D83-B7DE-8148C7D718EB}.Debug|x64.Build.0 = Debug|Any CPU
		{ABAA489D-B054-4D83-B7DE-8148C7D718EB}.Debug|x86.ActiveCfg = Debug|Any CPU
		{ABAA489D-B054-4D83-B7DE-8148C7D718EB}.Debug|x86.Build.0 = Debug|Any CPU
		{ABAA489D-B054-4D83-B7DE-8148C7D718EB}.Release|Any CPU.ActiveCfg = Release|Any CPU
		{ABAA489D-B054-4D83-B7DE-8148C7D718EB}.Release|Any CPU.Build.0 = Release|Any CPU
		{ABAA489D-B054-4D83-B7DE-8148C7D718EB}.Release|ARM.ActiveCfg = Release|Any CPU
		{ABAA489D-B054-4D83-B7DE-8148C7D718EB}.Release|ARM.Build.0 = Release|Any CPU
		{ABAA489D-B054-4D83-B7DE-8148C7D718EB}.Release|x64.ActiveCfg = Release|Any CPU
		{ABAA489D-B054-4D83-B7DE-8148C7D718EB}.Release|x64.Build.0 = Release|Any CPU
		{ABAA489D-B054-4D83-B7DE-8148C7D718EB}.Release|x86.ActiveCfg = Release|Any CPU
		{ABAA489D-B054-4D83-B7DE-8148C7D718EB}.Release|x86.Build.0 = Release|Any CPU
		{A2261F28-D164-4E5C-BBB7-416F15D97F34}.Debug|Any CPU.ActiveCfg = Debug|Any CPU
		{A2261F28-D164-4E5C-BBB7-416F15D97F34}.Debug|Any CPU.Build.0 = Debug|Any CPU
		{A2261F28-D164-4E5C-BBB7-416F15D97F34}.Debug|ARM.ActiveCfg = Debug|Any CPU
		{A2261F28-D164-4E5C-BBB7-416F15D97F34}.Debug|ARM.Build.0 = Debug|Any CPU
		{A2261F28-D164-4E5C-BBB7-416F15D97F34}.Debug|x64.ActiveCfg = Debug|Any CPU
		{A2261F28-D164-4E5C-BBB7-416F15D97F34}.Debug|x64.Build.0 = Debug|Any CPU
		{A2261F28-D164-4E5C-BBB7-416F15D97F34}.Debug|x86.ActiveCfg = Debug|Any CPU
		{A2261F28-D164-4E5C-BBB7-416F15D97F34}.Debug|x86.Build.0 = Debug|Any CPU
		{A2261F28-D164-4E5C-BBB7-416F15D97F34}.Release|Any CPU.ActiveCfg = Release|Any CPU
		{A2261F28-D164-4E5C-BBB7-416F15D97F34}.Release|Any CPU.Build.0 = Release|Any CPU
		{A2261F28-D164-4E5C-BBB7-416F15D97F34}.Release|ARM.ActiveCfg = Release|Any CPU
		{A2261F28-D164-4E5C-BBB7-416F15D97F34}.Release|ARM.Build.0 = Release|Any CPU
		{A2261F28-D164-4E5C-BBB7-416F15D97F34}.Release|x64.ActiveCfg = Release|Any CPU
		{A2261F28-D164-4E5C-BBB7-416F15D97F34}.Release|x64.Build.0 = Release|Any CPU
		{A2261F28-D164-4E5C-BBB7-416F15D97F34}.Release|x86.ActiveCfg = Release|Any CPU
		{A2261F28-D164-4E5C-BBB7-416F15D97F34}.Release|x86.Build.0 = Release|Any CPU
		{259E169C-623B-491C-B3A7-2BAC8E2835A2}.Debug|Any CPU.ActiveCfg = Debug|x86
		{259E169C-623B-491C-B3A7-2BAC8E2835A2}.Debug|ARM.ActiveCfg = Debug|ARM
		{259E169C-623B-491C-B3A7-2BAC8E2835A2}.Debug|ARM.Build.0 = Debug|ARM
		{259E169C-623B-491C-B3A7-2BAC8E2835A2}.Debug|ARM.Deploy.0 = Debug|ARM
		{259E169C-623B-491C-B3A7-2BAC8E2835A2}.Debug|x64.ActiveCfg = Debug|x64
		{259E169C-623B-491C-B3A7-2BAC8E2835A2}.Debug|x64.Build.0 = Debug|x64
		{259E169C-623B-491C-B3A7-2BAC8E2835A2}.Debug|x64.Deploy.0 = Debug|x64
		{259E169C-623B-491C-B3A7-2BAC8E2835A2}.Debug|x86.ActiveCfg = Debug|x86
		{259E169C-623B-491C-B3A7-2BAC8E2835A2}.Debug|x86.Build.0 = Debug|x86
		{259E169C-623B-491C-B3A7-2BAC8E2835A2}.Debug|x86.Deploy.0 = Debug|x86
		{259E169C-623B-491C-B3A7-2BAC8E2835A2}.Release|Any CPU.ActiveCfg = Release|x86
		{259E169C-623B-491C-B3A7-2BAC8E2835A2}.Release|ARM.ActiveCfg = Release|ARM
		{259E169C-623B-491C-B3A7-2BAC8E2835A2}.Release|ARM.Build.0 = Release|ARM
		{259E169C-623B-491C-B3A7-2BAC8E2835A2}.Release|ARM.Deploy.0 = Release|ARM
		{259E169C-623B-491C-B3A7-2BAC8E2835A2}.Release|x64.ActiveCfg = Release|x64
		{259E169C-623B-491C-B3A7-2BAC8E2835A2}.Release|x64.Build.0 = Release|x64
		{259E169C-623B-491C-B3A7-2BAC8E2835A2}.Release|x64.Deploy.0 = Release|x64
		{259E169C-623B-491C-B3A7-2BAC8E2835A2}.Release|x86.ActiveCfg = Release|x86
		{259E169C-623B-491C-B3A7-2BAC8E2835A2}.Release|x86.Build.0 = Release|x86
		{259E169C-623B-491C-B3A7-2BAC8E2835A2}.Release|x86.Deploy.0 = Release|x86
	EndGlobalSection
	GlobalSection(SolutionProperties) = preSolution
		HideSolutionNode = FALSE
	EndGlobalSection
EndGlobal
