
Microsoft Visual Studio Solution File, Format Version 12.00
# Visual Studio 14
VisualStudioVersion = 14.0.25420.1
MinimumVisualStudioVersion = 10.0.40219.1
Project("{FAE04EC0-301F-11D3-BF4B-00C04F79EFBC}") = "WPFPlayground01", "WPFPlayground01\WPFPlayground01.csproj", "{7779F050-5323-4C41-8819-8665D9371F36}"
EndProject
Project("{FAE04EC0-301F-11D3-BF4B-00C04F79EFBC}") = "WPFPlayground01.Model", "WPFPlayground01.Model\WPFPlayground01.Model.csproj", "{CD7F8CE0-C506-40F9-8A5E-4EAC5BFBB82C}"
EndProject
Project("{FAE04EC0-301F-11D3-BF4B-00C04F79EFBC}") = "WPFPlayground01.ViewModel", "WPFPlayground01.ViewModel\WPFPlayground01.ViewModel.csproj", "{D5D3D98C-EA82-45D5-8EBF-6CEDC2345F1D}"
EndProject
Global
	GlobalSection(SolutionConfigurationPlatforms) = preSolution
		Debug|Any CPU = Debug|Any CPU
		Release|Any CPU = Release|Any CPU
	EndGlobalSection
	GlobalSection(ProjectConfigurationPlatforms) = postSolution
		{7779F050-5323-4C41-8819-8665D9371F36}.Debug|Any CPU.ActiveCfg = Debug|Any CPU
		{7779F050-5323-4C41-8819-8665D9371F36}.Debug|Any CPU.Build.0 = Debug|Any CPU
		{7779F050-5323-4C41-8819-8665D9371F36}.Release|Any CPU.ActiveCfg = Release|Any CPU
		{7779F050-5323-4C41-8819-8665D9371F36}.Release|Any CPU.Build.0 = Release|Any CPU
		{CD7F8CE0-C506-40F9-8A5E-4EAC5BFBB82C}.Debug|Any CPU.ActiveCfg = Debug|Any CPU
		{CD7F8CE0-C506-40F9-8A5E-4EAC5BFBB82C}.Debug|Any CPU.Build.0 = Debug|Any CPU
		{CD7F8CE0-C506-40F9-8A5E-4EAC5BFBB82C}.Release|Any CPU.ActiveCfg = Release|Any CPU
		{CD7F8CE0-C506-40F9-8A5E-4EAC5BFBB82C}.Release|Any CPU.Build.0 = Release|Any CPU
		{D5D3D98C-EA82-45D5-8EBF-6CEDC2345F1D}.Debug|Any CPU.ActiveCfg = Debug|Any CPU
		{D5D3D98C-EA82-45D5-8EBF-6CEDC2345F1D}.Debug|Any CPU.Build.0 = Debug|Any CPU
		{D5D3D98C-EA82-45D5-8EBF-6CEDC2345F1D}.Release|Any CPU.ActiveCfg = Release|Any CPU
		{D5D3D98C-EA82-45D5-8EBF-6CEDC2345F1D}.Release|Any CPU.Build.0 = Release|Any CPU
	EndGlobalSection
	GlobalSection(SolutionProperties) = preSolution
		HideSolutionNode = FALSE
	EndGlobalSection
EndGlobal
