
Microsoft Visual Studio Solution File, Format Version 12.00
# Visual Studio 14
VisualStudioVersion = 14.0.25420.1
MinimumVisualStudioVersion = 10.0.40219.1
Project("{FAE04EC0-301F-11D3-BF4B-00C04F79EFBC}") = "TextBoxToTextBlock.View", "TextBoxToTextBlock.View\TextBoxToTextBlock.View.csproj", "{599C2156-A2CC-4D7A-B576-C77C4798CEF5}"
EndProject
Project("{FAE04EC0-301F-11D3-BF4B-00C04F79EFBC}") = "TextBoxToTestBlock.Model", "TextBoxToTestBlock.Model\TextBoxToTestBlock.Model.csproj", "{FC8A95B7-82B1-4DD7-84D0-1D980BCC591B}"
EndProject
Project("{FAE04EC0-301F-11D3-BF4B-00C04F79EFBC}") = "TextBoxToTextBlock.ViewModel", "TextBoxToTextBlock.ViewModel\TextBoxToTextBlock.ViewModel.csproj", "{1E34540C-3961-4B19-91AA-7C4FA04C2E2A}"
EndProject
Global
	GlobalSection(SolutionConfigurationPlatforms) = preSolution
		Debug|Any CPU = Debug|Any CPU
		Release|Any CPU = Release|Any CPU
	EndGlobalSection
	GlobalSection(ProjectConfigurationPlatforms) = postSolution
		{599C2156-A2CC-4D7A-B576-C77C4798CEF5}.Debug|Any CPU.ActiveCfg = Debug|Any CPU
		{599C2156-A2CC-4D7A-B576-C77C4798CEF5}.Debug|Any CPU.Build.0 = Debug|Any CPU
		{599C2156-A2CC-4D7A-B576-C77C4798CEF5}.Release|Any CPU.ActiveCfg = Release|Any CPU
		{599C2156-A2CC-4D7A-B576-C77C4798CEF5}.Release|Any CPU.Build.0 = Release|Any CPU
		{FC8A95B7-82B1-4DD7-84D0-1D980BCC591B}.Debug|Any CPU.ActiveCfg = Debug|Any CPU
		{FC8A95B7-82B1-4DD7-84D0-1D980BCC591B}.Debug|Any CPU.Build.0 = Debug|Any CPU
		{FC8A95B7-82B1-4DD7-84D0-1D980BCC591B}.Release|Any CPU.ActiveCfg = Release|Any CPU
		{FC8A95B7-82B1-4DD7-84D0-1D980BCC591B}.Release|Any CPU.Build.0 = Release|Any CPU
		{1E34540C-3961-4B19-91AA-7C4FA04C2E2A}.Debug|Any CPU.ActiveCfg = Debug|Any CPU
		{1E34540C-3961-4B19-91AA-7C4FA04C2E2A}.Debug|Any CPU.Build.0 = Debug|Any CPU
		{1E34540C-3961-4B19-91AA-7C4FA04C2E2A}.Release|Any CPU.ActiveCfg = Release|Any CPU
		{1E34540C-3961-4B19-91AA-7C4FA04C2E2A}.Release|Any CPU.Build.0 = Release|Any CPU
	EndGlobalSection
	GlobalSection(SolutionProperties) = preSolution
		HideSolutionNode = FALSE
	EndGlobalSection
EndGlobal
